// !$*UTF8*$!
{
	archiveVersion = 1;
	classes = {
	};
	objectVersion = 46;
	objects = {

/* Begin PBXBuildFile section */
		65D041941ECBB5F10064451D /* AppDelegate.swift in Sources */ = {isa = PBXBuildFile; fileRef = 65D041931ECBB5F10064451D /* AppDelegate.swift */; };
		65D041961ECBB5F10064451D /* ViewController.swift in Sources */ = {isa = PBXBuildFile; fileRef = 65D041951ECBB5F10064451D /* ViewController.swift */; };
		65D041991ECBB5F20064451D /* Main.storyboard in Resources */ = {isa = PBXBuildFile; fileRef = 65D041971ECBB5F20064451D /* Main.storyboard */; };
		65D0419B1ECBB5F20064451D /* Assets.xcassets in Resources */ = {isa = PBXBuildFile; fileRef = 65D0419A1ECBB5F20064451D /* Assets.xcassets */; };
		65D0419E1ECBB5F20064451D /* LaunchScreen.storyboard in Resources */ = {isa = PBXBuildFile; fileRef = 65D0419C1ECBB5F20064451D /* LaunchScreen.storyboard */; };
		65D041A91ECBB5F20064451D /* HW3Tests.swift in Sources */ = {isa = PBXBuildFile; fileRef = 65D041A81ECBB5F20064451D /* HW3Tests.swift */; };
		65D041B41ECBB5F20064451D /* HW3UITests.swift in Sources */ = {isa = PBXBuildFile; fileRef = 65D041B31ECBB5F20064451D /* HW3UITests.swift */; };
		65D041C41ECBCACC0064451D /* DecimalMinusTextField.swift in Sources */ = {isa = PBXBuildFile; fileRef = 65D041C31ECBCACC0064451D /* DecimalMinusTextField.swift */; };
/* End PBXBuildFile section */

/* Begin PBXContainerItemProxy section */
		65D041A51ECBB5F20064451D /* PBXContainerItemProxy */ = {
			isa = PBXContainerItemProxy;
			containerPortal = 65D041881ECBB5F10064451D /* Project object */;
			proxyType = 1;
			remoteGlobalIDString = 65D0418F1ECBB5F10064451D;
			remoteInfo = HW3;
		};
		65D041B01ECBB5F20064451D /* PBXContainerItemProxy */ = {
			isa = PBXContainerItemProxy;
			containerPortal = 65D041881ECBB5F10064451D /* Project object */;
			proxyType = 1;
			remoteGlobalIDString = 65D0418F1ECBB5F10064451D;
			remoteInfo = HW3;
		};
/* End PBXContainerItemProxy section */

/* Begin PBXFileReference section */
		65D041901ECBB5F10064451D /* HW3.app */ = {isa = PBXFileReference; explicitFileType = wrapper.application; includeInIndex = 0; path = HW3.app; sourceTree = BUILT_PRODUCTS_DIR; };
		65D041931ECBB5F10064451D /* AppDelegate.swift */ = {isa = PBXFileReference; lastKnownFileType = sourcecode.swift; path = AppDelegate.swift; sourceTree = "<group>"; };
		65D041951ECBB5F10064451D /* ViewController.swift */ = {isa = PBXFileReference; lastKnownFileType = sourcecode.swift; path = ViewController.swift; sourceTree = "<group>"; };
		65D041981ECBB5F20064451D /* Base */ = {isa = PBXFileReference; lastKnownFileType = file.storyboard; name = Base; path = Base.lproj/Main.storyboard; sourceTree = "<group>"; };
		65D0419A1ECBB5F20064451D /* Assets.xcassets */ = {isa = PBXFileReference; lastKnownFileType = folder.assetcatalog; path = Assets.xcassets; sourceTree = "<group>"; };
		65D0419D1ECBB5F20064451D /* Base */ = {isa = PBXFileReference; lastKnownFileType = file.storyboard; name = Base; path = Base.lproj/LaunchScreen.storyboard; sourceTree = "<group>"; };
		65D0419F1ECBB5F20064451D /* Info.plist */ = {isa = PBXFileReference; lastKnownFileType = text.plist.xml; path = Info.plist; sourceTree = "<group>"; };
		65D041A41ECBB5F20064451D /* HW3Tests.xctest */ = {isa = PBXFileReference; explicitFileType = wrapper.cfbundle; includeInIndex = 0; path = HW3Tests.xctest; sourceTree = BUILT_PRODUCTS_DIR; };
		65D041A81ECBB5F20064451D /* HW3Tests.swift */ = {isa = PBXFileReference; lastKnownFileType = sourcecode.swift; path = HW3Tests.swift; sourceTree = "<group>"; };
		65D041AA1ECBB5F20064451D /* Info.plist */ = {isa = PBXFileReference; lastKnownFileType = text.plist.xml; path = Info.plist; sourceTree = "<group>"; };
		65D041AF1ECBB5F20064451D /* HW3UITests.xctest */ = {isa = PBXFileReference; explicitFileType = wrapper.cfbundle; includeInIndex = 0; path = HW3UITests.xctest; sourceTree = BUILT_PRODUCTS_DIR; };
		65D041B31ECBB5F20064451D /* HW3UITests.swift */ = {isa = PBXFileReference; lastKnownFileType = sourcecode.swift; path = HW3UITests.swift; sourceTree = "<group>"; };
		65D041B51ECBB5F20064451D /* Info.plist */ = {isa = PBXFileReference; lastKnownFileType = text.plist.xml; path = Info.plist; sourceTree = "<group>"; };
		65D041C31ECBCACC0064451D /* DecimalMinusTextField.swift */ = {isa = PBXFileReference; fileEncoding = 4; lastKnownFileType = sourcecode.swift; name = DecimalMinusTextField.swift; path = ../../../DecimalMinusTextField/DecimalMinusTextField.swift; sourceTree = "<group>"; };
/* End PBXFileReference section */

/* Begin PBXFrameworksBuildPhase section */
		65D0418D1ECBB5F10064451D /* Frameworks */ = {
			isa = PBXFrameworksBuildPhase;
			buildActionMask = 2147483647;
			files = (
			);
			runOnlyForDeploymentPostprocessing = 0;
		};
		65D041A11ECBB5F20064451D /* Frameworks */ = {
			isa = PBXFrameworksBuildPhase;
			buildActionMask = 2147483647;
			files = (
			);
			runOnlyForDeploymentPostprocessing = 0;
		};
		65D041AC1ECBB5F20064451D /* Frameworks */ = {
			isa = PBXFrameworksBuildPhase;
			buildActionMask = 2147483647;
			files = (
			);
			runOnlyForDeploymentPostprocessing = 0;
		};
/* End PBXFrameworksBuildPhase section */

/* Begin PBXGroup section */
		65D041871ECBB5F10064451D = {
			isa = PBXGroup;
			children = (
				65D041921ECBB5F10064451D /* HW3 */,
				65D041A71ECBB5F20064451D /* HW3Tests */,
				65D041B21ECBB5F20064451D /* HW3UITests */,
				65D041911ECBB5F10064451D /* Products */,
			);
			sourceTree = "<group>";
		};
		65D041911ECBB5F10064451D /* Products */ = {
			isa = PBXGroup;
			children = (
				65D041901ECBB5F10064451D /* HW3.app */,
				65D041A41ECBB5F20064451D /* HW3Tests.xctest */,
				65D041AF1ECBB5F20064451D /* HW3UITests.xctest */,
			);
			name = Products;
			sourceTree = "<group>";
		};
		65D041921ECBB5F10064451D /* HW3 */ = {
			isa = PBXGroup;
			children = (
				65D041931ECBB5F10064451D /* AppDelegate.swift */,
				65D041951ECBB5F10064451D /* ViewController.swift */,
				65D041971ECBB5F20064451D /* Main.storyboard */,
				65D0419A1ECBB5F20064451D /* Assets.xcassets */,
				65D0419C1ECBB5F20064451D /* LaunchScreen.storyboard */,
				65D041C31ECBCACC0064451D /* DecimalMinusTextField.swift */,
				65D0419F1ECBB5F20064451D /* Info.plist */,
			);
			path = HW3;
			sourceTree = "<group>";
		};
		65D041A71ECBB5F20064451D /* HW3Tests */ = {
			isa = PBXGroup;
			children = (
				65D041A81ECBB5F20064451D /* HW3Tests.swift */,
				65D041AA1ECBB5F20064451D /* Info.plist */,
			);
			path = HW3Tests;
			sourceTree = "<group>";
		};
		65D041B21ECBB5F20064451D /* HW3UITests */ = {
			isa = PBXGroup;
			children = (
				65D041B31ECBB5F20064451D /* HW3UITests.swift */,
				65D041B51ECBB5F20064451D /* Info.plist */,
			);
			path = HW3UITests;
			sourceTree = "<group>";
		};
/* End PBXGroup section */

/* Begin PBXNativeTarget section */
		65D0418F1ECBB5F10064451D /* HW3 */ = {
			isa = PBXNativeTarget;
			buildConfigurationList = 65D041B81ECBB5F20064451D /* Build configuration list for PBXNativeTarget "HW3" */;
			buildPhases = (
				65D0418C1ECBB5F10064451D /* Sources */,
				65D0418D1ECBB5F10064451D /* Frameworks */,
				65D0418E1ECBB5F10064451D /* Resources */,
			);
			buildRules = (
			);
			dependencies = (
			);
			name = HW3;
			productName = HW3;
			productReference = 65D041901ECBB5F10064451D /* HW3.app */;
			productType = "com.apple.product-type.application";
		};
		65D041A31ECBB5F20064451D /* HW3Tests */ = {
			isa = PBXNativeTarget;
			buildConfigurationList = 65D041BB1ECBB5F20064451D /* Build configuration list for PBXNativeTarget "HW3Tests" */;
			buildPhases = (
				65D041A01ECBB5F20064451D /* Sources */,
				65D041A11ECBB5F20064451D /* Frameworks */,
				65D041A21ECBB5F20064451D /* Resources */,
			);
			buildRules = (
			);
			dependencies = (
				65D041A61ECBB5F20064451D /* PBXTargetDependency */,
			);
			name = HW3Tests;
			productName = HW3Tests;
			productReference = 65D041A41ECBB5F20064451D /* HW3Tests.xctest */;
			productType = "com.apple.product-type.bundle.unit-test";
		};
		65D041AE1ECBB5F20064451D /* HW3UITests */ = {
			isa = PBXNativeTarget;
			buildConfigurationList = 65D041BE1ECBB5F20064451D /* Build configuration list for PBXNativeTarget "HW3UITests" */;
			buildPhases = (
				65D041AB1ECBB5F20064451D /* Sources */,
				65D041AC1ECBB5F20064451D /* Frameworks */,
				65D041AD1ECBB5F20064451D /* Resources */,
			);
			buildRules = (
			);
			dependencies = (
				65D041B11ECBB5F20064451D /* PBXTargetDependency */,
			);
			name = HW3UITests;
			productName = HW3UITests;
			productReference = 65D041AF1ECBB5F20064451D /* HW3UITests.xctest */;
			productType = "com.apple.product-type.bundle.ui-testing";
		};
/* End PBXNativeTarget section */

/* Begin PBXProject section */
		65D041881ECBB5F10064451D /* Project object */ = {
			isa = PBXProject;
			attributes = {
				LastSwiftUpdateCheck = 0830;
				LastUpgradeCheck = 0830;
				ORGANIZATIONNAME = gvsu;
				TargetAttributes = {
					65D0418F1ECBB5F10064451D = {
						CreatedOnToolsVersion = 8.3.2;
						ProvisioningStyle = Automatic;
					};
					65D041A31ECBB5F20064451D = {
						CreatedOnToolsVersion = 8.3.2;
						ProvisioningStyle = Automatic;
						TestTargetID = 65D0418F1ECBB5F10064451D;
					};
					65D041AE1ECBB5F20064451D = {
						CreatedOnToolsVersion = 8.3.2;
						ProvisioningStyle = Automatic;
						TestTargetID = 65D0418F1ECBB5F10064451D;
					};
				};
			};
			buildConfigurationList = 65D0418B1ECBB5F10064451D /* Build configuration list for PBXProject "HW3" */;
			compatibilityVersion = "Xcode 3.2";
			developmentRegion = English;
			hasScannedForEncodings = 0;
			knownRegions = (
				en,
				Base,
			);
			mainGroup = 65D041871ECBB5F10064451D;
			productRefGroup = 65D041911ECBB5F10064451D /* Products */;
			projectDirPath = "";
			projectRoot = "";
			targets = (
				65D0418F1ECBB5F10064451D /* HW3 */,
				65D041A31ECBB5F20064451D /* HW3Tests */,
				65D041AE1ECBB5F20064451D /* HW3UITests */,
			);
		};
/* End PBXProject section */

/* Begin PBXResourcesBuildPhase section */
		65D0418E1ECBB5F10064451D /* Resources */ = {
			isa = PBXResourcesBuildPhase;
			buildActionMask = 2147483647;
			files = (
				65D0419E1ECBB5F20064451D /* LaunchScreen.storyboard in Resources */,
				65D0419B1ECBB5F20064451D /* Assets.xcassets in Resources */,
				65D041991ECBB5F20064451D /* Main.storyboard in Resources */,
			);
			runOnlyForDeploymentPostprocessing = 0;
		};
		65D041A21ECBB5F20064451D /* Resources */ = {
			isa = PBXResourcesBuildPhase;
			buildActionMask = 2147483647;
			files = (
			);
			runOnlyForDeploymentPostprocessing = 0;
		};
		65D041AD1ECBB5F20064451D /* Resources */ = {
			isa = PBXResourcesBuildPhase;
			buildActionMask = 2147483647;
			files = (
			);
			runOnlyForDeploymentPostprocessing = 0;
		};
/* End PBXResourcesBuildPhase section */

/* Begin PBXSourcesBuildPhase section */
		65D0418C1ECBB5F10064451D /* Sources */ = {
			isa = PBXSourcesBuildPhase;
			buildActionMask = 2147483647;
			files = (
				65D041C41ECBCACC0064451D /* DecimalMinusTextField.swift in Sources */,
				65D041961ECBB5F10064451D /* ViewController.swift in Sources */,
				65D041941ECBB5F10064451D /* AppDelegate.swift in Sources */,
			);
			runOnlyForDeploymentPostprocessing = 0;
		};
		65D041A01ECBB5F20064451D /* Sources */ = {
			isa = PBXSourcesBuildPhase;
			buildActionMask = 2147483647;
			files = (
				65D041A91ECBB5F20064451D /* HW3Tests.swift in Sources */,
			);
			runOnlyForDeploymentPostprocessing = 0;
		};
		65D041AB1ECBB5F20064451D /* Sources */ = {
			isa = PBXSourcesBuildPhase;
			buildActionMask = 2147483647;
			files = (
				65D041B41ECBB5F20064451D /* HW3UITests.swift in Sources */,
			);
			runOnlyForDeploymentPostprocessing = 0;
		};
/* End PBXSourcesBuildPhase section */

/* Begin PBXTargetDependency section */
		65D041A61ECBB5F20064451D /* PBXTargetDependency */ = {
			isa = PBXTargetDependency;
			target = 65D0418F1ECBB5F10064451D /* HW3 */;
			targetProxy = 65D041A51ECBB5F20064451D /* PBXContainerItemProxy */;
		};
		65D041B11ECBB5F20064451D /* PBXTargetDependency */ = {
			isa = PBXTargetDependency;
			target = 65D0418F1ECBB5F10064451D /* HW3 */;
			targetProxy = 65D041B01ECBB5F20064451D /* PBXContainerItemProxy */;
		};
/* End PBXTargetDependency section */

/* Begin PBXVariantGroup section */
		65D041971ECBB5F20064451D /* Main.storyboard */ = {
			isa = PBXVariantGroup;
			children = (
				65D041981ECBB5F20064451D /* Base */,
			);
			name = Main.storyboard;
			sourceTree = "<group>";
		};
		65D0419C1ECBB5F20064451D /* LaunchScreen.storyboard */ = {
			isa = PBXVariantGroup;
			children = (
				65D0419D1ECBB5F20064451D /* Base */,
			);
			name = LaunchScreen.storyboard;
			sourceTree = "<group>";
		};
/* End PBXVariantGroup section */

/* Begin XCBuildConfiguration section */
		65D041B61ECBB5F20064451D /* Debug */ = {
			isa = XCBuildConfiguration;
			buildSettings = {
				ALWAYS_SEARCH_USER_PATHS = NO;
				CLANG_ANALYZER_NONNULL = YES;
				CLANG_ANALYZER_NUMBER_OBJECT_CONVERSION = YES_AGGRESSIVE;
				CLANG_CXX_LANGUAGE_STANDARD = "gnu++0x";
				CLANG_CXX_LIBRARY = "libc++";
				CLANG_ENABLE_MODULES = YES;
				CLANG_ENABLE_OBJC_ARC = YES;
				CLANG_WARN_BOOL_CONVERSION = YES;
				CLANG_WARN_CONSTANT_CONVERSION = YES;
				CLANG_WARN_DIRECT_OBJC_ISA_USAGE = YES_ERROR;
				CLANG_WARN_DOCUMENTATION_COMMENTS = YES;
				CLANG_WARN_EMPTY_BODY = YES;
				CLANG_WARN_ENUM_CONVERSION = YES;
				CLANG_WARN_INFINITE_RECURSION = YES;
				CLANG_WARN_INT_CONVERSION = YES;
				CLANG_WARN_OBJC_ROOT_CLASS = YES_ERROR;
				CLANG_WARN_SUSPICIOUS_MOVE = YES;
				CLANG_WARN_UNREACHABLE_CODE = YES;
				CLANG_WARN__DUPLICATE_METHOD_MATCH = YES;
				"CODE_SIGN_IDENTITY[sdk=iphoneos*]" = "iPhone Developer";
				COPY_PHASE_STRIP = NO;
				DEBUG_INFORMATION_FORMAT = dwarf;
				ENABLE_STRICT_OBJC_MSGSEND = YES;
				ENABLE_TESTABILITY = YES;
				GCC_C_LANGUAGE_STANDARD = gnu99;
				GCC_DYNAMIC_NO_PIC = NO;
				GCC_NO_COMMON_BLOCKS = YES;
				GCC_OPTIMIZATION_LEVEL = 0;
				GCC_PREPROCESSOR_DEFINITIONS = (
					"DEBUG=1",
					"$(inherited)",
				);
				GCC_WARN_64_TO_32_BIT_CONVERSION = YES;
				GCC_WARN_ABOUT_RETURN_TYPE = YES_ERROR;
				GCC_WARN_UNDECLARED_SELECTOR = YES;
				GCC_WARN_UNINITIALIZED_AUTOS = YES_AGGRESSIVE;
				GCC_WARN_UNUSED_FUNCTION = YES;
				GCC_WARN_UNUSED_VARIABLE = YES;
				IPHONEOS_DEPLOYMENT_TARGET = 10.3;
				MTL_ENABLE_DEBUG_INFO = YES;
				ONLY_ACTIVE_ARCH = YES;
				SDKROOT = iphoneos;
				SWIFT_ACTIVE_COMPILATION_CONDITIONS = DEBUG;
				SWIFT_OPTIMIZATION_LEVEL = "-Onone";
			};
			name = Debug;
		};
		65D041B71ECBB5F20064451D /* Release */ = {
			isa = XCBuildConfiguration;
			buildSettings = {
				ALWAYS_SEARCH_USER_PATHS = NO;
				CLANG_ANALYZER_NONNULL = YES;
				CLANG_ANALYZER_NUMBER_OBJECT_CONVERSION = YES_AGGRESSIVE;
				CLANG_CXX_LANGUAGE_STANDARD = "gnu++0x";
				CLANG_CXX_LIBRARY = "libc++";
				CLANG_ENABLE_MODULES = YES;
				CLANG_ENABLE_OBJC_ARC = YES;
				CLANG_WARN_BOOL_CONVERSION = YES;
				CLANG_WARN_CONSTANT_CONVERSION = YES;
				CLANG_WARN_DIRECT_OBJC_ISA_USAGE = YES_ERROR;
				CLANG_WARN_DOCUMENTATION_COMMENTS = YES;
				CLANG_WARN_EMPTY_BODY = YES;
				CLANG_WARN_ENUM_CONVERSION = YES;
				CLANG_WARN_INFINITE_RECURSION = YES;
				CLANG_WARN_INT_CONVERSION = YES;
				CLANG_WARN_OBJC_ROOT_CLASS = YES_ERROR;
				CLANG_WARN_SUSPICIOUS_MOVE = YES;
				CLANG_WARN_UNREACHABLE_CODE = YES;
				CLANG_WARN__DUPLICATE_METHOD_MATCH = YES;
				"CODE_SIGN_IDENTITY[sdk=iphoneos*]" = "iPhone Developer";
				COPY_PHASE_STRIP = NO;
				DEBUG_INFORMATION_FORMAT = "dwarf-with-dsym";
				ENABLE_NS_ASSERTIONS = NO;
				ENABLE_STRICT_OBJC_MSGSEND = YES;
				GCC_C_LANGUAGE_STANDARD = gnu99;
				GCC_NO_COMMON_BLOCKS = YES;
				GCC_WARN_64_TO_32_BIT_CONVERSION = YES;
				GCC_WARN_ABOUT_RETURN_TYPE = YES_ERROR;
				GCC_WARN_UNDECLARED_SELECTOR = YES;
				GCC_WARN_UNINITIALIZED_AUTOS = YES_AGGRESSIVE;
				GCC_WARN_UNUSED_FUNCTION = YES;
				GCC_WARN_UNUSED_VARIABLE = YES;
				IPHONEOS_DEPLOYMENT_TARGET = 10.3;
				MTL_ENABLE_DEBUG_INFO = NO;
				SDKROOT = iphoneos;
				SWIFT_OPTIMIZATION_LEVEL = "-Owholemodule";
				VALIDATE_PRODUCT = YES;
			};
			name = Release;
		};
		65D041B91ECBB5F20064451D /* Debug */ = {
			isa = XCBuildConfiguration;
			buildSettings = {
				ASSETCATALOG_COMPILER_APPICON_NAME = AppIcon;
				INFOPLIST_FILE = HW3/Info.plist;
				LD_RUNPATH_SEARCH_PATHS = "$(inherited) @executable_path/Frameworks";
				PRODUCT_BUNDLE_IDENTIFIER = cis657.HW3;
				PRODUCT_NAME = "$(TARGET_NAME)";
				SWIFT_VERSION = 3.0;
			};
			name = Debug;
		};
		65D041BA1ECBB5F20064451D /* Release */ = {
			isa = XCBuildConfiguration;
			buildSettings = {
				ASSETCATALOG_COMPILER_APPICON_NAME = AppIcon;
				INFOPLIST_FILE = HW3/Info.plist;
				LD_RUNPATH_SEARCH_PATHS = "$(inherited) @executable_path/Frameworks";
				PRODUCT_BUNDLE_IDENTIFIER = cis657.HW3;
				PRODUCT_NAME = "$(TARGET_NAME)";
				SWIFT_VERSION = 3.0;
			};
			name = Release;
		};
		65D041BC1ECBB5F20064451D /* Debug */ = {
			isa = XCBuildConfiguration;
			buildSettings = {
				ALWAYS_EMBED_SWIFT_STANDARD_LIBRARIES = YES;
				BUNDLE_LOADER = "$(TEST_HOST)";
				INFOPLIST_FILE = HW3Tests/Info.plist;
				LD_RUNPATH_SEARCH_PATHS = "$(inherited) @executable_path/Frameworks @loader_path/Frameworks";
				PRODUCT_BUNDLE_IDENTIFIER = cis657.HW3Tests;
				PRODUCT_NAME = "$(TARGET_NAME)";
				SWIFT_VERSION = 3.0;
				TEST_HOST = "$(BUILT_PRODUCTS_DIR)/HW3.app/HW3";
			};
			name = Debug;
		};
		65D041BD1ECBB5F20064451D /* Release */ = {
			isa = XCBuildConfiguration;
			buildSettings = {
				ALWAYS_EMBED_SWIFT_STANDARD_LIBRARIES = YES;
				BUNDLE_LOADER = "$(TEST_HOST)";
				INFOPLIST_FILE = HW3Tests/Info.plist;
				LD_RUNPATH_SEARCH_PATHS = "$(inherited) @executable_path/Frameworks @loader_path/Frameworks";
				PRODUCT_BUNDLE_IDENTIFIER = cis657.HW3Tests;
				PRODUCT_NAME = "$(TARGET_NAME)";
				SWIFT_VERSION = 3.0;
				TEST_HOST = "$(BUILT_PRODUCTS_DIR)/HW3.app/HW3";
			};
			name = Release;
		};
		65D041BF1ECBB5F20064451D /* Debug */ = {
			isa = XCBuildConfiguration;
			buildSettings = {
				ALWAYS_EMBED_SWIFT_STANDARD_LIBRARIES = YES;
				INFOPLIST_FILE = HW3UITests/Info.plist;
				LD_RUNPATH_SEARCH_PATHS = "$(inherited) @executable_path/Frameworks @loader_path/Frameworks";
				PRODUCT_BUNDLE_IDENTIFIER = cis657.HW3UITests;
				PRODUCT_NAME = "$(TARGET_NAME)";
				SWIFT_VERSION = 3.0;
				TEST_TARGET_NAME = HW3;
			};
			name = Debug;
		};
		65D041C01ECBB5F20064451D /* Release */ = {
			isa = XCBuildConfiguration;
			buildSettings = {
				ALWAYS_EMBED_SWIFT_STANDARD_LIBRARIES = YES;
				INFOPLIST_FILE = HW3UITests/Info.plist;
				LD_RUNPATH_SEARCH_PATHS = "$(inherited) @executable_path/Frameworks @loader_path/Frameworks";
				PRODUCT_BUNDLE_IDENTIFIER = cis657.HW3UITests;
				PRODUCT_NAME = "$(TARGET_NAME)";
				SWIFT_VERSION = 3.0;
				TEST_TARGET_NAME = HW3;
			};
			name = Release;
		};
/* End XCBuildConfiguration section */

/* Begin XCConfigurationList section */
		65D0418B1ECBB5F10064451D /* Build configuration list for PBXProject "HW3" */ = {
			isa = XCConfigurationList;
			buildConfigurations = (
				65D041B61ECBB5F20064451D /* Debug */,
				65D041B71ECBB5F20064451D /* Release */,
			);
			defaultConfigurationIsVisible = 0;
			defaultConfigurationName = Release;
		};
		65D041B81ECBB5F20064451D /* Build configuration list for PBXNativeTarget "HW3" */ = {
			isa = XCConfigurationList;
			buildConfigurations = (
				65D041B91ECBB5F20064451D /* Debug */,
				65D041BA1ECBB5F20064451D /* Release */,
			);
			defaultConfigurationIsVisible = 0;
		};
		65D041BB1ECBB5F20064451D /* Build configuration list for PBXNativeTarget "HW3Tests" */ = {
			isa = XCConfigurationList;
			buildConfigurations = (
				65D041BC1ECBB5F20064451D /* Debug */,
				65D041BD1ECBB5F20064451D /* Release */,
			);
			defaultConfigurationIsVisible = 0;
		};
		65D041BE1ECBB5F20064451D /* Build configuration list for PBXNativeTarget "HW3UITests" */ = {
			isa = XCConfigurationList;
			buildConfigurations = (
				65D041BF1ECBB5F20064451D /* Debug */,
				65D041C01ECBB5F20064451D /* Release */,
			);
			defaultConfigurationIsVisible = 0;
		};
/* End XCConfigurationList section */
	};
	rootObject = 65D041881ECBB5F10064451D /* Project object */;
}
